{
  "pins" : [
    {
      "identity" : "hapticfeedback",
      "kind" : "remoteSourceControl",
      "location" : "https://github.com/sentryco/HapticFeedback",
      "state" : {
        "branch" : "main",
        "revision" : "11e5862c8de13d0362b7e55bce4cd04bdfdeb261"
      }
    },
    {
      "identity" : "hybridcolor",
      "kind" : "remoteSourceControl",
      "location" : "https://github.com/sentryco/HybridColor",
      "state" : {
        "branch" : "main",
        "revision" : "6592be98979ff0201e94f0b7a29e98f3c292715b"
      }
    }
  ],
  "version" : 2
}
